
Microsoft Visual Studio Solution File, Format Version 12.00
# Visual Studio 15
VisualStudioVersion = 15.0.27703.2042
MinimumVisualStudioVersion = 10.0.40219.1
Project("{FAE04EC0-301F-11D3-BF4B-00C04F79EFBC}") = "Checkout", "Checkout\Katas\Checkout.csproj", "{E718AA76-4891-4E52-8A95-46095DE32737}"
EndProject
Project("{FAE04EC0-301F-11D3-BF4B-00C04F79EFBC}") = "Checkout.Tests", "Checkout\Katas.Tests\Checkout.Tests.csproj", "{39054E05-3812-4A9D-89BB-52305F760190}"
EndProject
Project("{2150E333-8FDC-42A3-9474-1A3956D46DE8}") = "Checkout", "Checkout", "{8A62BEAF-FD4F-409D-B312-2D27A42AD3B3}"
EndProject
Global
	GlobalSection(SolutionConfigurationPlatforms) = preSolution
		Debug|Any CPU = Debug|Any CPU
		Release|Any CPU = Release|Any CPU
	EndGlobalSection
	GlobalSection(ProjectConfigurationPlatforms) = postSolution
		{E718AA76-4891-4E52-8A95-46095DE32737}.Debug|Any CPU.ActiveCfg = Debug|Any CPU
		{E718AA76-4891-4E52-8A95-46095DE32737}.Debug|Any CPU.Build.0 = Debug|Any CPU
		{E718AA76-4891-4E52-8A95-46095DE32737}.Release|Any CPU.ActiveCfg = Release|Any CPU
		{E718AA76-4891-4E52-8A95-46095DE32737}.Release|Any CPU.Build.0 = Release|Any CPU
		{39054E05-3812-4A9D-89BB-52305F760190}.Debug|Any CPU.ActiveCfg = Debug|Any CPU
		{39054E05-3812-4A9D-89BB-52305F760190}.Debug|Any CPU.Build.0 = Debug|Any CPU
		{39054E05-3812-4A9D-89BB-52305F760190}.Release|Any CPU.ActiveCfg = Release|Any CPU
		{39054E05-3812-4A9D-89BB-52305F760190}.Release|Any CPU.Build.0 = Release|Any CPU
	EndGlobalSection
	GlobalSection(SolutionProperties) = preSolution
		HideSolutionNode = FALSE
	EndGlobalSection
	GlobalSection(NestedProjects) = preSolution
		{E718AA76-4891-4E52-8A95-46095DE32737} = {8A62BEAF-FD4F-409D-B312-2D27A42AD3B3}
		{39054E05-3812-4A9D-89BB-52305F760190} = {8A62BEAF-FD4F-409D-B312-2D27A42AD3B3}
	EndGlobalSection
	GlobalSection(ExtensibilityGlobals) = postSolution
		SolutionGuid = {7759588F-F1F6-40B1-9B09-96FC55E96A59}
	EndGlobalSection
EndGlobal
